
Microsoft Visual Studio Solution File, Format Version 12.00
# Visual Studio Version 17
VisualStudioVersion = 17.7.34031.279
MinimumVisualStudioVersion = 10.0.40219.1
Project("{FAE04EC0-301F-11D3-BF4B-00C04F79EFBC}") = "Array-1Dimensional", "Array-1Dimensional\Array-1Dimensional.csproj", "{4BA20D33-561B-4925-B8CB-A9A566513606}"
EndProject
Global
	GlobalSection(SolutionConfigurationPlatforms) = preSolution
		Debug|Any CPU = Debug|Any CPU
		Release|Any CPU = Release|Any CPU
	EndGlobalSection
	GlobalSection(ProjectConfigurationPlatforms) = postSolution
		{4BA20D33-561B-4925-B8CB-A9A566513606}.Debug|Any CPU.ActiveCfg = Debug|Any CPU
		{4BA20D33-561B-4925-B8CB-A9A566513606}.Debug|Any CPU.Build.0 = Debug|Any CPU
		{4BA20D33-561B-4925-B8CB-A9A566513606}.Release|Any CPU.ActiveCfg = Release|Any CPU
		{4BA20D33-561B-4925-B8CB-A9A566513606}.Release|Any CPU.Build.0 = Release|Any CPU
	EndGlobalSection
	GlobalSection(SolutionProperties) = preSolution
		HideSolutionNode = FALSE
	EndGlobalSection
	GlobalSection(ExtensibilityGlobals) = postSolution
		SolutionGuid = {B30A20EA-6AAA-4AC2-AD8B-799CE914B4DE}
	EndGlobalSection
EndGlobal
